// !$*UTF8*$!
{
	archiveVersion = 1;
	classes = {
	};
	objectVersion = 56;
	objects = {

/* Begin PBXBuildFile section */
		FA09EEA72BFC8CE5008B0273 /* SwipingView.swift in Sources */ = {isa = PBXBuildFile; fileRef = FA09EEA62BFC8CE5008B0273 /* SwipingView.swift */; };
		FA09EEC32BFC9BA5008B0273 /* SwipingCard.swift in Sources */ = {isa = PBXBuildFile; fileRef = FA09EEC22BFC9BA5008B0273 /* SwipingCard.swift */; };
		FA09EEC82BFCC7C2008B0273 /* ScratchView.swift in Sources */ = {isa = PBXBuildFile; fileRef = FA09EEC72BFCC7C2008B0273 /* ScratchView.swift */; };
		FA57F11F2BF7F892002659E1 /* Colors.xcassets in Resources */ = {isa = PBXBuildFile; fileRef = FA57F11E2BF7F892002659E1 /* Colors.xcassets */; };
		FA57F1222BF7FAA1002659E1 /* CategoriesViewController.swift in Sources */ = {isa = PBXBuildFile; fileRef = FA57F1202BF7FAA1002659E1 /* CategoriesViewController.swift */; };
		FA57F1282BF8065D002659E1 /* MockDataProvider.swift in Sources */ = {isa = PBXBuildFile; fileRef = FA57F1272BF8065D002659E1 /* MockDataProvider.swift */; };
		FA57F12E2BF80DC5002659E1 /* ReusableIdentifier.swift in Sources */ = {isa = PBXBuildFile; fileRef = FA57F12D2BF80DC5002659E1 /* ReusableIdentifier.swift */; };
		FA57F1302BF80EB4002659E1 /* UICollectionView+ReusableIdentifier.swift in Sources */ = {isa = PBXBuildFile; fileRef = FA57F12F2BF80EB4002659E1 /* UICollectionView+ReusableIdentifier.swift */; };
		FA57F1362BF9D32A002659E1 /* HorizontalCollectionViewCell.swift in Sources */ = {isa = PBXBuildFile; fileRef = FA57F1352BF9D32A002659E1 /* HorizontalCollectionViewCell.swift */; };
		FA72F5462BDC18DB00A7C1AD /* CourseApp.swift in Sources */ = {isa = PBXBuildFile; fileRef = FA72F5452BDC18DB00A7C1AD /* CourseApp.swift */; };
		FA72F5482BDC18DB00A7C1AD /* ContentView.swift in Sources */ = {isa = PBXBuildFile; fileRef = FA72F5472BDC18DB00A7C1AD /* ContentView.swift */; };
		FA72F54A2BDC18DD00A7C1AD /* Images.xcassets in Resources */ = {isa = PBXBuildFile; fileRef = FA72F5492BDC18DD00A7C1AD /* Images.xcassets */; };
		FA72F54D2BDC18DD00A7C1AD /* Preview Assets.xcassets in Resources */ = {isa = PBXBuildFile; fileRef = FA72F54C2BDC18DD00A7C1AD /* Preview Assets.xcassets */; };
		FA8C37492BFF19CC00A9B4DF /* SectionHeaderView.swift in Sources */ = {isa = PBXBuildFile; fileRef = FA8C37482BFF19CC00A9B4DF /* SectionHeaderView.swift */; };
		FA8C374B2BFF26A000A9B4DF /* UIConstants.swift in Sources */ = {isa = PBXBuildFile; fileRef = FA8C374A2BFF26A000A9B4DF /* UIConstants.swift */; };
		FA8C374D2BFF569C00A9B4DF /* EmbedInScrollView.swift in Sources */ = {isa = PBXBuildFile; fileRef = FA8C374C2BFF569C00A9B4DF /* EmbedInScrollView.swift */; };
		FA8C37502BFF57BD00A9B4DF /* Coordinator.swift in Sources */ = {isa = PBXBuildFile; fileRef = FA8C374F2BFF57BD00A9B4DF /* Coordinator.swift */; };
		FA8C37522BFF5A3C00A9B4DF /* ViewControllerCoordinator.swift in Sources */ = {isa = PBXBuildFile; fileRef = FA8C37512BFF5A3C00A9B4DF /* ViewControllerCoordinator.swift */; };
		FA8C37542BFF5C5300A9B4DF /* MainTabBarCoordinator.swift in Sources */ = {isa = PBXBuildFile; fileRef = FA8C37532BFF5C5300A9B4DF /* MainTabBarCoordinator.swift */; };
		FA8C37562C022E8200A9B4DF /* CoordinatorView.swift in Sources */ = {isa = PBXBuildFile; fileRef = FA8C37552C022E8200A9B4DF /* CoordinatorView.swift */; };
		FA8C37582C0254AC00A9B4DF /* AppCoordinator.swift in Sources */ = {isa = PBXBuildFile; fileRef = FA8C37572C0254AB00A9B4DF /* AppCoordinator.swift */; };
		FA8C375B2C0273FD00A9B4DF /* CustomNavigationController.swift in Sources */ = {isa = PBXBuildFile; fileRef = FA8C375A2C0273FD00A9B4DF /* CustomNavigationController.swift */; };
		FA8C375D2C0274AA00A9B4DF /* UINavigationController.swift in Sources */ = {isa = PBXBuildFile; fileRef = FA8C375C2C0274AA00A9B4DF /* UINavigationController.swift */; };
		FA8C375F2C027AD300A9B4DF /* TextStyle.swift in Sources */ = {isa = PBXBuildFile; fileRef = FA8C375E2C027AD300A9B4DF /* TextStyle.swift */; };
		FAC2FFEC2BF35F810036BDAD /* Poppins-Bold.ttf in Resources */ = {isa = PBXBuildFile; fileRef = FAE2054D2BF14E6600D1FB4F /* Poppins-Bold.ttf */; };
		FAC2FFED2BF35F840036BDAD /* Poppins-MediumItalic.ttf in Resources */ = {isa = PBXBuildFile; fileRef = FAE2054E2BF14E6700D1FB4F /* Poppins-MediumItalic.ttf */; };
		FAC2FFEE2BF35F860036BDAD /* Poppins-Regular.ttf in Resources */ = {isa = PBXBuildFile; fileRef = FAE2054F2BF14E6700D1FB4F /* Poppins-Regular.ttf */; };
		FAD5018B2C09B441005FC601 /* OnboardingNavigationEvent.swift in Sources */ = {isa = PBXBuildFile; fileRef = FAD5018A2C09B441005FC601 /* OnboardingNavigationEvent.swift */; };
		FAD5018D2C09BAA6005FC601 /* Page.swift in Sources */ = {isa = PBXBuildFile; fileRef = FAD5018C2C09BAA6005FC601 /* Page.swift */; };
		FAD501932C0AF34E005FC601 /* ProfileNavigationCoordinator.swift in Sources */ = {isa = PBXBuildFile; fileRef = FAD501922C0AF34E005FC601 /* ProfileNavigationCoordinator.swift */; };
		FAD501952C0AF42F005FC601 /* ProfileView.swift in Sources */ = {isa = PBXBuildFile; fileRef = FAD501942C0AF42F005FC601 /* ProfileView.swift */; };
		FADB63A32C05C5EE000CDE01 /* OnboardingView.swift in Sources */ = {isa = PBXBuildFile; fileRef = FADB63A22C05C5EE000CDE01 /* OnboardingView.swift */; };
		FADB63A52C05C62C000CDE01 /* OnboardingNavigationCoordinator.swift in Sources */ = {isa = PBXBuildFile; fileRef = FADB63A42C05C62C000CDE01 /* OnboardingNavigationCoordinator.swift */; };
		FADB63A72C05C646000CDE01 /* SwipingNavigationCoordinator.swift in Sources */ = {isa = PBXBuildFile; fileRef = FADB63A62C05C646000CDE01 /* SwipingNavigationCoordinator.swift */; };
		FADB63B22C0791F8000CDE01 /* CategoriesNavigationCoordinator.swift in Sources */ = {isa = PBXBuildFile; fileRef = FADB63B12C0791F8000CDE01 /* CategoriesNavigationCoordinator.swift */; };
		FADB63B52C08B1CC000CDE01 /* EventEmmiter.swift in Sources */ = {isa = PBXBuildFile; fileRef = FADB63B42C08B1CC000CDE01 /* EventEmmiter.swift */; };
		FADF117D2BFB33520067D90F /*  HomeViewSwiftUI.swift in Sources */ = {isa = PBXBuildFile; fileRef = FADF117C2BFB33520067D90F /*  HomeViewSwiftUI.swift */; };
		FADF11C62BFB765F0067D90F /* BorderedModifier.swift in Sources */ = {isa = PBXBuildFile; fileRef = FADF11C52BFB765F0067D90F /* BorderedModifier.swift */; };
		FADF11C82BFB85E30067D90F /* ResizableBordered.swift in Sources */ = {isa = PBXBuildFile; fileRef = FADF11C72BFB85E30067D90F /* ResizableBordered.swift */; };
		FADF11CB2BFB88110067D90F /* SelectableButtonStyle.swift in Sources */ = {isa = PBXBuildFile; fileRef = FADF11CA2BFB88110067D90F /* SelectableButtonStyle.swift */; };
		FAE205532BF1EA7D00D1FB4F /* FirebaseAuth in Frameworks */ = {isa = PBXBuildFile; productRef = FAE205522BF1EA7D00D1FB4F /* FirebaseAuth */; };
		FAE205552BF1EA7D00D1FB4F /* FirebaseFirestore in Frameworks */ = {isa = PBXBuildFile; productRef = FAE205542BF1EA7D00D1FB4F /* FirebaseFirestore */; };
		FAE205572BF1EA7D00D1FB4F /* FirebaseFirestoreCombine-Community in Frameworks */ = {isa = PBXBuildFile; productRef = FAE205562BF1EA7D00D1FB4F /* FirebaseFirestoreCombine-Community */; };
		FAE205592BF1EA7D00D1FB4F /* FirebaseFirestoreSwift in Frameworks */ = {isa = PBXBuildFile; productRef = FAE205582BF1EA7D00D1FB4F /* FirebaseFirestoreSwift */; };
		FAE2055C2BF1ED8A00D1FB4F /* GoogleService-Info.plist in Resources */ = {isa = PBXBuildFile; fileRef = FAE2055B2BF1ED8A00D1FB4F /* GoogleService-Info.plist */; };
		FAE86C022BFDDBA000DC7B26 /* DesignSystem.swift in Sources */ = {isa = PBXBuildFile; fileRef = FAE86C012BFDDBA000DC7B26 /* DesignSystem.swift */; };
/* End PBXBuildFile section */

/* Begin PBXFileReference section */
		FA09EEA62BFC8CE5008B0273 /* SwipingView.swift */ = {isa = PBXFileReference; lastKnownFileType = sourcecode.swift; path = SwipingView.swift; sourceTree = "<group>"; };
		FA09EEC22BFC9BA5008B0273 /* SwipingCard.swift */ = {isa = PBXFileReference; lastKnownFileType = sourcecode.swift; path = SwipingCard.swift; sourceTree = "<group>"; };
		FA09EEC72BFCC7C2008B0273 /* ScratchView.swift */ = {isa = PBXFileReference; lastKnownFileType = sourcecode.swift; path = ScratchView.swift; sourceTree = "<group>"; };
		FA3CA75A2BFA7A0100A82119 /* App_Course_DevUITests.swift */ = {isa = PBXFileReference; lastKnownFileType = sourcecode.swift; path = App_Course_DevUITests.swift; sourceTree = "<group>"; };
		FA3CA75C2BFA7A0100A82119 /* App_Course_DevUITestsLaunchTests.swift */ = {isa = PBXFileReference; lastKnownFileType = sourcecode.swift; path = App_Course_DevUITestsLaunchTests.swift; sourceTree = "<group>"; };
		FA57F11E2BF7F892002659E1 /* Colors.xcassets */ = {isa = PBXFileReference; lastKnownFileType = folder.assetcatalog; path = Colors.xcassets; sourceTree = "<group>"; };
		FA57F1202BF7FAA1002659E1 /* CategoriesViewController.swift */ = {isa = PBXFileReference; lastKnownFileType = sourcecode.swift; path = CategoriesViewController.swift; sourceTree = "<group>"; };
		FA57F1252BF801A4002659E1 /* XCTest.framework */ = {isa = PBXFileReference; lastKnownFileType = wrapper.framework; name = XCTest.framework; path = Platforms/iPhoneOS.platform/Developer/Library/Frameworks/XCTest.framework; sourceTree = DEVELOPER_DIR; };
		FA57F1272BF8065D002659E1 /* MockDataProvider.swift */ = {isa = PBXFileReference; lastKnownFileType = sourcecode.swift; path = MockDataProvider.swift; sourceTree = "<group>"; };
		FA57F12D2BF80DC5002659E1 /* ReusableIdentifier.swift */ = {isa = PBXFileReference; lastKnownFileType = sourcecode.swift; path = ReusableIdentifier.swift; sourceTree = "<group>"; };
		FA57F12F2BF80EB4002659E1 /* UICollectionView+ReusableIdentifier.swift */ = {isa = PBXFileReference; lastKnownFileType = sourcecode.swift; path = "UICollectionView+ReusableIdentifier.swift"; sourceTree = "<group>"; };
		FA57F1352BF9D32A002659E1 /* HorizontalCollectionViewCell.swift */ = {isa = PBXFileReference; lastKnownFileType = sourcecode.swift; path = HorizontalCollectionViewCell.swift; sourceTree = "<group>"; };
		FA72F5452BDC18DB00A7C1AD /* CourseApp.swift */ = {isa = PBXFileReference; lastKnownFileType = sourcecode.swift; path = CourseApp.swift; sourceTree = "<group>"; };
		FA72F5472BDC18DB00A7C1AD /* ContentView.swift */ = {isa = PBXFileReference; lastKnownFileType = sourcecode.swift; path = ContentView.swift; sourceTree = "<group>"; };
		FA72F5492BDC18DD00A7C1AD /* Images.xcassets */ = {isa = PBXFileReference; lastKnownFileType = folder.assetcatalog; path = Images.xcassets; sourceTree = "<group>"; };
		FA72F54C2BDC18DD00A7C1AD /* Preview Assets.xcassets */ = {isa = PBXFileReference; lastKnownFileType = folder.assetcatalog; path = "Preview Assets.xcassets"; sourceTree = "<group>"; };
		FA8A07F42BE8D07A00F174B9 /* SomeAny.playground */ = {isa = PBXFileReference; lastKnownFileType = file.playground; path = SomeAny.playground; sourceTree = "<group>"; xcLanguageSpecificationIdentifier = xcode.lang.swift; };
		FA8A07F62BE9189400F174B9 /* 2. homework.playground */ = {isa = PBXFileReference; lastKnownFileType = file.playground; path = "2. homework.playground"; sourceTree = "<group>"; xcLanguageSpecificationIdentifier = xcode.lang.swift; };
		FA8C37482BFF19CC00A9B4DF /* SectionHeaderView.swift */ = {isa = PBXFileReference; lastKnownFileType = sourcecode.swift; path = SectionHeaderView.swift; sourceTree = "<group>"; };
		FA8C374A2BFF26A000A9B4DF /* UIConstants.swift */ = {isa = PBXFileReference; lastKnownFileType = sourcecode.swift; path = UIConstants.swift; sourceTree = "<group>"; };
		FA8C374C2BFF569C00A9B4DF /* EmbedInScrollView.swift */ = {isa = PBXFileReference; lastKnownFileType = sourcecode.swift; path = EmbedInScrollView.swift; sourceTree = "<group>"; };
		FA8C374F2BFF57BD00A9B4DF /* Coordinator.swift */ = {isa = PBXFileReference; lastKnownFileType = sourcecode.swift; path = Coordinator.swift; sourceTree = "<group>"; };
		FA8C37512BFF5A3C00A9B4DF /* ViewControllerCoordinator.swift */ = {isa = PBXFileReference; lastKnownFileType = sourcecode.swift; path = ViewControllerCoordinator.swift; sourceTree = "<group>"; };
		FA8C37532BFF5C5300A9B4DF /* MainTabBarCoordinator.swift */ = {isa = PBXFileReference; lastKnownFileType = sourcecode.swift; path = MainTabBarCoordinator.swift; sourceTree = "<group>"; };
		FA8C37552C022E8200A9B4DF /* CoordinatorView.swift */ = {isa = PBXFileReference; lastKnownFileType = sourcecode.swift; path = CoordinatorView.swift; sourceTree = "<group>"; };
		FA8C37572C0254AB00A9B4DF /* AppCoordinator.swift */ = {isa = PBXFileReference; lastKnownFileType = sourcecode.swift; path = AppCoordinator.swift; sourceTree = "<group>"; };
		FA8C375A2C0273FD00A9B4DF /* CustomNavigationController.swift */ = {isa = PBXFileReference; lastKnownFileType = sourcecode.swift; path = CustomNavigationController.swift; sourceTree = "<group>"; };
		FA8C375C2C0274AA00A9B4DF /* UINavigationController.swift */ = {isa = PBXFileReference; lastKnownFileType = sourcecode.swift; path = UINavigationController.swift; sourceTree = "<group>"; };
		FA8C375E2C027AD300A9B4DF /* TextStyle.swift */ = {isa = PBXFileReference; lastKnownFileType = sourcecode.swift; path = TextStyle.swift; sourceTree = "<group>"; };
		FAB98AFD2BF0FE1F000EC60E /* Development.xcconfig */ = {isa = PBXFileReference; lastKnownFileType = text.xcconfig; path = Development.xcconfig; sourceTree = "<group>"; };
		FAB98AFE2BF104BB000EC60E /* Production.xcconfig */ = {isa = PBXFileReference; lastKnownFileType = text.xcconfig; path = Production.xcconfig; sourceTree = "<group>"; };
		FAC200042BF35FCC0036BDAD /* App_Course_UnitDevTests.swift */ = {isa = PBXFileReference; lastKnownFileType = sourcecode.swift; path = App_Course_UnitDevTests.swift; sourceTree = "<group>"; };
		FAD5018A2C09B441005FC601 /* OnboardingNavigationEvent.swift */ = {isa = PBXFileReference; lastKnownFileType = sourcecode.swift; path = OnboardingNavigationEvent.swift; sourceTree = "<group>"; };
		FAD5018C2C09BAA6005FC601 /* Page.swift */ = {isa = PBXFileReference; lastKnownFileType = sourcecode.swift; path = Page.swift; sourceTree = "<group>"; };
		FAD501922C0AF34E005FC601 /* ProfileNavigationCoordinator.swift */ = {isa = PBXFileReference; lastKnownFileType = sourcecode.swift; path = ProfileNavigationCoordinator.swift; sourceTree = "<group>"; };
		FAD501942C0AF42F005FC601 /* ProfileView.swift */ = {isa = PBXFileReference; lastKnownFileType = sourcecode.swift; path = ProfileView.swift; sourceTree = "<group>"; };
		FADB63A22C05C5EE000CDE01 /* OnboardingView.swift */ = {isa = PBXFileReference; lastKnownFileType = sourcecode.swift; path = OnboardingView.swift; sourceTree = "<group>"; };
		FADB63A42C05C62C000CDE01 /* OnboardingNavigationCoordinator.swift */ = {isa = PBXFileReference; lastKnownFileType = sourcecode.swift; path = OnboardingNavigationCoordinator.swift; sourceTree = "<group>"; };
		FADB63A62C05C646000CDE01 /* SwipingNavigationCoordinator.swift */ = {isa = PBXFileReference; lastKnownFileType = sourcecode.swift; path = SwipingNavigationCoordinator.swift; sourceTree = "<group>"; };
		FADB63B12C0791F8000CDE01 /* CategoriesNavigationCoordinator.swift */ = {isa = PBXFileReference; lastKnownFileType = sourcecode.swift; path = CategoriesNavigationCoordinator.swift; sourceTree = "<group>"; };
		FADB63B32C08A474000CDE01 /* App Course Dev.app */ = {isa = PBXFileReference; explicitFileType = wrapper.application; includeInIndex = 0; name = "App Course Dev.app"; path = "/Users/macbook/Documents/ios-developer-course/App/Course App/build/Debug Development-iphoneos/App Course Dev.app"; sourceTree = "<absolute>"; };
		FADB63B42C08B1CC000CDE01 /* EventEmmiter.swift */ = {isa = PBXFileReference; lastKnownFileType = sourcecode.swift; path = EventEmmiter.swift; sourceTree = "<group>"; };
		FADB63B62C08D839000CDE01 /* Concurrency.playground */ = {isa = PBXFileReference; lastKnownFileType = file.playground; path = Concurrency.playground; sourceTree = "<group>"; xcLanguageSpecificationIdentifier = xcode.lang.swift; };
		FADF117C2BFB33520067D90F /*  HomeViewSwiftUI.swift */ = {isa = PBXFileReference; lastKnownFileType = sourcecode.swift; path = " HomeViewSwiftUI.swift"; sourceTree = "<group>"; };
		FADF11C52BFB765F0067D90F /* BorderedModifier.swift */ = {isa = PBXFileReference; lastKnownFileType = sourcecode.swift; path = BorderedModifier.swift; sourceTree = "<group>"; };
		FADF11C72BFB85E30067D90F /* ResizableBordered.swift */ = {isa = PBXFileReference; lastKnownFileType = sourcecode.swift; path = ResizableBordered.swift; sourceTree = "<group>"; };
		FADF11CA2BFB88110067D90F /* SelectableButtonStyle.swift */ = {isa = PBXFileReference; lastKnownFileType = sourcecode.swift; path = SelectableButtonStyle.swift; sourceTree = "<group>"; };
		FAE2054D2BF14E6600D1FB4F /* Poppins-Bold.ttf */ = {isa = PBXFileReference; lastKnownFileType = file; path = "Poppins-Bold.ttf"; sourceTree = "<group>"; };
		FAE2054E2BF14E6700D1FB4F /* Poppins-MediumItalic.ttf */ = {isa = PBXFileReference; lastKnownFileType = file; path = "Poppins-MediumItalic.ttf"; sourceTree = "<group>"; };
		FAE2054F2BF14E6700D1FB4F /* Poppins-Regular.ttf */ = {isa = PBXFileReference; lastKnownFileType = file; path = "Poppins-Regular.ttf"; sourceTree = "<group>"; };
		FAE205502BF1524E00D1FB4F /* Course-App-Info.plist */ = {isa = PBXFileReference; lastKnownFileType = text.plist; path = "Course-App-Info.plist"; sourceTree = SOURCE_ROOT; };
		FAE2055B2BF1ED8A00D1FB4F /* GoogleService-Info.plist */ = {isa = PBXFileReference; fileEncoding = 4; lastKnownFileType = text.plist.xml; path = "GoogleService-Info.plist"; sourceTree = "<group>"; };
		FAE86C012BFDDBA000DC7B26 /* DesignSystem.swift */ = {isa = PBXFileReference; lastKnownFileType = sourcecode.swift; path = DesignSystem.swift; sourceTree = "<group>"; };
/* End PBXFileReference section */

/* Begin PBXFrameworksBuildPhase section */
		FA72F53F2BDC18DB00A7C1AD /* Frameworks */ = {
			isa = PBXFrameworksBuildPhase;
			buildActionMask = 2147483647;
			files = (
				FAE205572BF1EA7D00D1FB4F /* FirebaseFirestoreCombine-Community in Frameworks */,
				FAE205532BF1EA7D00D1FB4F /* FirebaseAuth in Frameworks */,
				FAE205552BF1EA7D00D1FB4F /* FirebaseFirestore in Frameworks */,
				FAE205592BF1EA7D00D1FB4F /* FirebaseFirestoreSwift in Frameworks */,
			);
			runOnlyForDeploymentPostprocessing = 0;
		};
/* End PBXFrameworksBuildPhase section */

/* Begin PBXGroup section */
		FA3CA7592BFA7A0100A82119 /* App Course DevUITests */ = {
			isa = PBXGroup;
			children = (
				FA3CA75A2BFA7A0100A82119 /* App_Course_DevUITests.swift */,
				FA3CA75C2BFA7A0100A82119 /* App_Course_DevUITestsLaunchTests.swift */,
			);
			path = "App Course DevUITests";
			sourceTree = "<group>";
		};
		FA57F1192BF7F6A3002659E1 /* Resources */ = {
			isa = PBXGroup;
			children = (
				FA72F5492BDC18DD00A7C1AD /* Images.xcassets */,
				FA57F11E2BF7F892002659E1 /* Colors.xcassets */,
				FA57F11A2BF7F6B5002659E1 /* Fonts */,
			);
			path = Resources;
			sourceTree = "<group>";
		};
		FA57F11A2BF7F6B5002659E1 /* Fonts */ = {
			isa = PBXGroup;
			children = (
				FAE2054D2BF14E6600D1FB4F /* Poppins-Bold.ttf */,
				FAE2054E2BF14E6700D1FB4F /* Poppins-MediumItalic.ttf */,
				FAE2054F2BF14E6700D1FB4F /* Poppins-Regular.ttf */,
			);
			path = Fonts;
			sourceTree = "<group>";
		};
		FA57F11C2BF7F765002659E1 /* Views */ = {
			isa = PBXGroup;
			children = (
				FAC200132BF4946B0036BDAD /* UIKit */,
				FA57F11D2BF7F77C002659E1 /* SwiftUI */,
			);
			path = Views;
			sourceTree = "<group>";
		};
		FA57F11D2BF7F77C002659E1 /* SwiftUI */ = {
			isa = PBXGroup;
			children = (
				FA72F5472BDC18DB00A7C1AD /* ContentView.swift */,
				FADF117C2BFB33520067D90F /*  HomeViewSwiftUI.swift */,
				FA8C37482BFF19CC00A9B4DF /* SectionHeaderView.swift */,
				FA8C374C2BFF569C00A9B4DF /* EmbedInScrollView.swift */,
			);
			path = SwiftUI;
			sourceTree = "<group>";
		};
		FA57F1242BF801A4002659E1 /* Frameworks */ = {
			isa = PBXGroup;
			children = (
				FA57F1252BF801A4002659E1 /* XCTest.framework */,
			);
			name = Frameworks;
			sourceTree = "<group>";
		};
		FA57F12C2BF80DAB002659E1 /* Common */ = {
			isa = PBXGroup;
			children = (
				FAD501972C0B49DC005FC601 /* Protocols */,
				FA8C374E2BFF57A400A9B4DF /* Navigation */,
				FAD501962C0B47A7005FC601 /* Extensions */,
			);
			path = Common;
			sourceTree = "<group>";
		};
		FA72F5392BDC18DB00A7C1AD = {
			isa = PBXGroup;
			children = (
				FA72F5442BDC18DB00A7C1AD /* Course App */,
				FAC200032BF35FCC0036BDAD /* App Course UnitDevTests */,
				FA3CA7592BFA7A0100A82119 /* App Course DevUITests */,
				FA57F1242BF801A4002659E1 /* Frameworks */,
			);
			sourceTree = "<group>";
		};
		FA72F5442BDC18DB00A7C1AD /* Course App */ = {
			isa = PBXGroup;
			children = (
				FA72F5452BDC18DB00A7C1AD /* CourseApp.swift */,
				FADB63A82C05EADD000CDE01 /* Scenes */,
				FA57F12C2BF80DAB002659E1 /* Common */,
				FADF11C32BFB74500067D90F /* SharedUI */,
				FA57F11C2BF7F765002659E1 /* Views */,
				FAB98AFC2BF0FDCF000EC60E /* Configurations */,
				FA8A07F32BE8D06000F174B9 /* Playgrounds */,
				FA57F1192BF7F6A3002659E1 /* Resources */,
				FA8A07F52BE9186400F174B9 /* Homework */,
				FA72F54B2BDC18DD00A7C1AD /* Preview Content */,
				FA57F1272BF8065D002659E1 /* MockDataProvider.swift */,
				FAE86C012BFDDBA000DC7B26 /* DesignSystem.swift */,
				FA8C374A2BFF26A000A9B4DF /* UIConstants.swift */,
				FA8C375C2C0274AA00A9B4DF /* UINavigationController.swift */,
				FAE2055B2BF1ED8A00D1FB4F /* GoogleService-Info.plist */,
				FAE205502BF1524E00D1FB4F /* Course-App-Info.plist */,
			);
			path = "Course App";
			sourceTree = "<group>";
		};
		FA72F54B2BDC18DD00A7C1AD /* Preview Content */ = {
			isa = PBXGroup;
			children = (
				FA72F54C2BDC18DD00A7C1AD /* Preview Assets.xcassets */,
			);
			path = "Preview Content";
			sourceTree = "<group>";
		};
		FA8A07F32BE8D06000F174B9 /* Playgrounds */ = {
			isa = PBXGroup;
			children = (
				FA8A07F42BE8D07A00F174B9 /* SomeAny.playground */,
				FADB63B62C08D839000CDE01 /* Concurrency.playground */,
			);
			path = Playgrounds;
			sourceTree = "<group>";
		};
		FA8A07F52BE9186400F174B9 /* Homework */ = {
			isa = PBXGroup;
			children = (
				FA8A07F62BE9189400F174B9 /* 2. homework.playground */,
			);
			path = Homework;
			sourceTree = "<group>";
		};
		FA8C374E2BFF57A400A9B4DF /* Navigation */ = {
			isa = PBXGroup;
			children = (
				FA8C374F2BFF57BD00A9B4DF /* Coordinator.swift */,
				FA8C37512BFF5A3C00A9B4DF /* ViewControllerCoordinator.swift */,
				FA8C37572C0254AB00A9B4DF /* AppCoordinator.swift */,
				FA8C37552C022E8200A9B4DF /* CoordinatorView.swift */,
				FADB63B42C08B1CC000CDE01 /* EventEmmiter.swift */,
			);
			path = Navigation;
			sourceTree = "<group>";
		};
		FAB98AFC2BF0FDCF000EC60E /* Configurations */ = {
			isa = PBXGroup;
			children = (
				FAB98AFD2BF0FE1F000EC60E /* Development.xcconfig */,
				FAB98AFE2BF104BB000EC60E /* Production.xcconfig */,
			);
			path = Configurations;
			sourceTree = "<group>";
		};
		FAC200032BF35FCC0036BDAD /* App Course UnitDevTests */ = {
			isa = PBXGroup;
			children = (
				FAC200042BF35FCC0036BDAD /* App_Course_UnitDevTests.swift */,
			);
			path = "App Course UnitDevTests";
			sourceTree = "<group>";
		};
		FAC200132BF4946B0036BDAD /* UIKit */ = {
			isa = PBXGroup;
			children = (
				FA8C375A2C0273FD00A9B4DF /* CustomNavigationController.swift */,
			);
			path = UIKit;
			sourceTree = "<group>";
		};
		FAD501902C0AF313005FC601 /* Profile */ = {
			isa = PBXGroup;
			children = (
				FAD501912C0AF32B005FC601 /* Navigation */,
				FAD501942C0AF42F005FC601 /* ProfileView.swift */,
			);
			path = Profile;
			sourceTree = "<group>";
		};
		FAD501912C0AF32B005FC601 /* Navigation */ = {
			isa = PBXGroup;
			children = (
				FAD501922C0AF34E005FC601 /* ProfileNavigationCoordinator.swift */,
			);
			path = Navigation;
			sourceTree = "<group>";
		};
		FAD501962C0B47A7005FC601 /* Extensions */ = {
			isa = PBXGroup;
			children = (
				FA57F12F2BF80EB4002659E1 /* UICollectionView+ReusableIdentifier.swift */,
			);
			path = Extensions;
			sourceTree = "<group>";
		};
		FAD501972C0B49DC005FC601 /* Protocols */ = {
			isa = PBXGroup;
			children = (
				FA57F12D2BF80DC5002659E1 /* ReusableIdentifier.swift */,
			);
			path = Protocols;
			sourceTree = "<group>";
		};
		FADB63A82C05EADD000CDE01 /* Scenes */ = {
			isa = PBXGroup;
			children = (
				FAD501902C0AF313005FC601 /* Profile */,
				FADB63AF2C05EC16000CDE01 /* Categories */,
				FADB63AB2C05EB1A000CDE01 /* Swiping */,
				FADB63AA2C05EB05000CDE01 /* MainTabBarController */,
				FADB63A92C05EAFC000CDE01 /* Onboarding */,
			);
			path = Scenes;
			sourceTree = "<group>";
		};
		FADB63A92C05EAFC000CDE01 /* Onboarding */ = {
			isa = PBXGroup;
			children = (
				FADB63AC2C05EB72000CDE01 /* Navigation */,
				FADB63A22C05C5EE000CDE01 /* OnboardingView.swift */,
			);
			path = Onboarding;
			sourceTree = "<group>";
		};
		FADB63AA2C05EB05000CDE01 /* MainTabBarController */ = {
			isa = PBXGroup;
			children = (
				FADB63AE2C05EBE7000CDE01 /* Navigation */,
			);
			path = MainTabBarController;
			sourceTree = "<group>";
		};
		FADB63AB2C05EB1A000CDE01 /* Swiping */ = {
			isa = PBXGroup;
			children = (
				FADB63AD2C05EB88000CDE01 /* Navigation */,
				FA09EEA62BFC8CE5008B0273 /* SwipingView.swift */,
				FA09EEC72BFCC7C2008B0273 /* ScratchView.swift */,
				FA09EEC22BFC9BA5008B0273 /* SwipingCard.swift */,
			);
			path = Swiping;
			sourceTree = "<group>";
		};
		FADB63AC2C05EB72000CDE01 /* Navigation */ = {
			isa = PBXGroup;
			children = (
				FADB63A42C05C62C000CDE01 /* OnboardingNavigationCoordinator.swift */,
				FAD5018A2C09B441005FC601 /* OnboardingNavigationEvent.swift */,
				FAD5018C2C09BAA6005FC601 /* Page.swift */,
			);
			path = Navigation;
			sourceTree = "<group>";
		};
		FADB63AD2C05EB88000CDE01 /* Navigation */ = {
			isa = PBXGroup;
			children = (
				FADB63A62C05C646000CDE01 /* SwipingNavigationCoordinator.swift */,
			);
			path = Navigation;
			sourceTree = "<group>";
		};
		FADB63AE2C05EBE7000CDE01 /* Navigation */ = {
			isa = PBXGroup;
			children = (
				FA8C37532BFF5C5300A9B4DF /* MainTabBarCoordinator.swift */,
			);
			path = Navigation;
			sourceTree = "<group>";
		};
		FADB63AF2C05EC16000CDE01 /* Categories */ = {
			isa = PBXGroup;
			children = (
				FADB63B02C0791D7000CDE01 /* Navigation */,
				FA57F1202BF7FAA1002659E1 /* CategoriesViewController.swift */,
				FA57F1352BF9D32A002659E1 /* HorizontalCollectionViewCell.swift */,
			);
			path = Categories;
			sourceTree = "<group>";
		};
		FADB63B02C0791D7000CDE01 /* Navigation */ = {
			isa = PBXGroup;
			children = (
				FADB63B12C0791F8000CDE01 /* CategoriesNavigationCoordinator.swift */,
			);
			path = Navigation;
			sourceTree = "<group>";
		};
		FADF11C32BFB74500067D90F /* SharedUI */ = {
			isa = PBXGroup;
			children = (
				FADF11C92BFB87E10067D90F /* Styles */,
				FADF11C42BFB76450067D90F /* ViewModifiers */,
			);
			path = SharedUI;
			sourceTree = "<group>";
		};
		FADF11C42BFB76450067D90F /* ViewModifiers */ = {
			isa = PBXGroup;
			children = (
				FADF11C52BFB765F0067D90F /* BorderedModifier.swift */,
				FADF11C72BFB85E30067D90F /* ResizableBordered.swift */,
				FA8C375E2C027AD300A9B4DF /* TextStyle.swift */,
			);
			path = ViewModifiers;
			sourceTree = "<group>";
		};
		FADF11C92BFB87E10067D90F /* Styles */ = {
			isa = PBXGroup;
			children = (
				FADF11CA2BFB88110067D90F /* SelectableButtonStyle.swift */,
			);
			path = Styles;
			sourceTree = "<group>";
		};
/* End PBXGroup section */

/* Begin PBXNativeTarget section */
		FA72F5412BDC18DB00A7C1AD /* Course App */ = {
			isa = PBXNativeTarget;
			buildConfigurationList = FA72F5502BDC18DD00A7C1AD /* Build configuration list for PBXNativeTarget "Course App" */;
			buildPhases = (
				FA72F53E2BDC18DB00A7C1AD /* Sources */,
				FA72F53F2BDC18DB00A7C1AD /* Frameworks */,
				FA72F5402BDC18DB00A7C1AD /* Resources */,
			);
			buildRules = (
			);
			dependencies = (
				FA8EFFA72C08F98C004F5CA6 /* PBXTargetDependency */,
			);
			name = "Course App";
			packageProductDependencies = (
				FAE205522BF1EA7D00D1FB4F /* FirebaseAuth */,
				FAE205542BF1EA7D00D1FB4F /* FirebaseFirestore */,
				FAE205562BF1EA7D00D1FB4F /* FirebaseFirestoreCombine-Community */,
				FAE205582BF1EA7D00D1FB4F /* FirebaseFirestoreSwift */,
			);
			productName = "Course App";
			productReference = FADB63B32C08A474000CDE01 /* App Course Dev.app */;
			productType = "com.apple.product-type.application";
		};
/* End PBXNativeTarget section */

/* Begin PBXProject section */
		FA72F53A2BDC18DB00A7C1AD /* Project object */ = {
			isa = PBXProject;
			attributes = {
				BuildIndependentTargetsInParallel = 1;
				LastSwiftUpdateCheck = 1530;
				LastUpgradeCheck = 1540;
				TargetAttributes = {
					FA72F5412BDC18DB00A7C1AD = {
						CreatedOnToolsVersion = 15.3;
					};
				};
			};
			buildConfigurationList = FA72F53D2BDC18DB00A7C1AD /* Build configuration list for PBXProject "Course App" */;
			compatibilityVersion = "Xcode 14.0";
			developmentRegion = en;
			hasScannedForEncodings = 0;
			knownRegions = (
				en,
				Base,
			);
			mainGroup = FA72F5392BDC18DB00A7C1AD;
			packageReferences = (
				FAB98B032BF12C20000EC60E /* XCRemoteSwiftPackageReference "SwiftLint" */,
				FAE205512BF1EA7C00D1FB4F /* XCRemoteSwiftPackageReference "firebase-ios-sdk" */,
			);
			productRefGroup = FA72F5392BDC18DB00A7C1AD;
			projectDirPath = "";
			projectRoot = "";
			targets = (
				FA72F5412BDC18DB00A7C1AD /* Course App */,
			);
		};
/* End PBXProject section */

/* Begin PBXResourcesBuildPhase section */
		FA72F5402BDC18DB00A7C1AD /* Resources */ = {
			isa = PBXResourcesBuildPhase;
			buildActionMask = 2147483647;
			files = (
				FAE2055C2BF1ED8A00D1FB4F /* GoogleService-Info.plist in Resources */,
				FA72F54D2BDC18DD00A7C1AD /* Preview Assets.xcassets in Resources */,
				FA72F54A2BDC18DD00A7C1AD /* Images.xcassets in Resources */,
				FAC2FFEE2BF35F860036BDAD /* Poppins-Regular.ttf in Resources */,
				FAC2FFEC2BF35F810036BDAD /* Poppins-Bold.ttf in Resources */,
				FAC2FFED2BF35F840036BDAD /* Poppins-MediumItalic.ttf in Resources */,
				FA57F11F2BF7F892002659E1 /* Colors.xcassets in Resources */,
			);
			runOnlyForDeploymentPostprocessing = 0;
		};
/* End PBXResourcesBuildPhase section */

/* Begin PBXSourcesBuildPhase section */
		FA72F53E2BDC18DB00A7C1AD /* Sources */ = {
			isa = PBXSourcesBuildPhase;
			buildActionMask = 2147483647;
			files = (
				FADB63A32C05C5EE000CDE01 /* OnboardingView.swift in Sources */,
				FA57F12E2BF80DC5002659E1 /* ReusableIdentifier.swift in Sources */,
				FA57F1362BF9D32A002659E1 /* HorizontalCollectionViewCell.swift in Sources */,
				FADB63A52C05C62C000CDE01 /* OnboardingNavigationCoordinator.swift in Sources */,
				FA8C37582C0254AC00A9B4DF /* AppCoordinator.swift in Sources */,
				FA8C37502BFF57BD00A9B4DF /* Coordinator.swift in Sources */,
				FA8C37542BFF5C5300A9B4DF /* MainTabBarCoordinator.swift in Sources */,
				FA8C37522BFF5A3C00A9B4DF /* ViewControllerCoordinator.swift in Sources */,
				FA8C375D2C0274AA00A9B4DF /* UINavigationController.swift in Sources */,
				FA57F1302BF80EB4002659E1 /* UICollectionView+ReusableIdentifier.swift in Sources */,
				FADB63B22C0791F8000CDE01 /* CategoriesNavigationCoordinator.swift in Sources */,
				FA72F5482BDC18DB00A7C1AD /* ContentView.swift in Sources */,
				FAD501952C0AF42F005FC601 /* ProfileView.swift in Sources */,
				FA57F1282BF8065D002659E1 /* MockDataProvider.swift in Sources */,
				FA09EEC32BFC9BA5008B0273 /* SwipingCard.swift in Sources */,
				FA8C374B2BFF26A000A9B4DF /* UIConstants.swift in Sources */,
				FAD5018B2C09B441005FC601 /* OnboardingNavigationEvent.swift in Sources */,
				FA8C375B2C0273FD00A9B4DF /* CustomNavigationController.swift in Sources */,
				FAD501932C0AF34E005FC601 /* ProfileNavigationCoordinator.swift in Sources */,
				FA8C37562C022E8200A9B4DF /* CoordinatorView.swift in Sources */,
				FADB63A72C05C646000CDE01 /* SwipingNavigationCoordinator.swift in Sources */,
				FADF11C62BFB765F0067D90F /* BorderedModifier.swift in Sources */,
				FA8C37492BFF19CC00A9B4DF /* SectionHeaderView.swift in Sources */,
				FADB63B52C08B1CC000CDE01 /* EventEmmiter.swift in Sources */,
				FA57F1222BF7FAA1002659E1 /* CategoriesViewController.swift in Sources */,
				FA09EEA72BFC8CE5008B0273 /* SwipingView.swift in Sources */,
				FADF117D2BFB33520067D90F /*  HomeViewSwiftUI.swift in Sources */,
				FA8C374D2BFF569C00A9B4DF /* EmbedInScrollView.swift in Sources */,
				FAE86C022BFDDBA000DC7B26 /* DesignSystem.swift in Sources */,
				FADF11CB2BFB88110067D90F /* SelectableButtonStyle.swift in Sources */,
				FA8C375F2C027AD300A9B4DF /* TextStyle.swift in Sources */,
				FADF11C82BFB85E30067D90F /* ResizableBordered.swift in Sources */,
				FA72F5462BDC18DB00A7C1AD /* CourseApp.swift in Sources */,
				FA09EEC82BFCC7C2008B0273 /* ScratchView.swift in Sources */,
				FAD5018D2C09BAA6005FC601 /* Page.swift in Sources */,
			);
			runOnlyForDeploymentPostprocessing = 0;
		};
/* End PBXSourcesBuildPhase section */

/* Begin PBXTargetDependency section */
		FA8EFFA72C08F98C004F5CA6 /* PBXTargetDependency */ = {
			isa = PBXTargetDependency;
			productRef = FA8EFFA62C08F98C004F5CA6 /* SwiftLintBuildToolPlugin */;
		};
/* End PBXTargetDependency section */

/* Begin XCBuildConfiguration section */
		FA72F54E2BDC18DD00A7C1AD /* Debug Development */ = {
			isa = XCBuildConfiguration;
			baseConfigurationReference = FAB98AFD2BF0FE1F000EC60E /* Development.xcconfig */;
			buildSettings = {
				ALWAYS_SEARCH_USER_PATHS = NO;
				ASSETCATALOG_COMPILER_GENERATE_SWIFT_ASSET_SYMBOL_EXTENSIONS = YES;
				CLANG_ANALYZER_NONNULL = YES;
				CLANG_ANALYZER_NUMBER_OBJECT_CONVERSION = YES_AGGRESSIVE;
				CLANG_CXX_LANGUAGE_STANDARD = "gnu++20";
				CLANG_ENABLE_MODULES = YES;
				CLANG_ENABLE_OBJC_ARC = YES;
				CLANG_ENABLE_OBJC_WEAK = YES;
				CLANG_WARN_BLOCK_CAPTURE_AUTORELEASING = YES;
				CLANG_WARN_BOOL_CONVERSION = YES;
				CLANG_WARN_COMMA = YES;
				CLANG_WARN_CONSTANT_CONVERSION = YES;
				CLANG_WARN_DEPRECATED_OBJC_IMPLEMENTATIONS = YES;
				CLANG_WARN_DIRECT_OBJC_ISA_USAGE = YES_ERROR;
				CLANG_WARN_DOCUMENTATION_COMMENTS = YES;
				CLANG_WARN_EMPTY_BODY = YES;
				CLANG_WARN_ENUM_CONVERSION = YES;
				CLANG_WARN_INFINITE_RECURSION = YES;
				CLANG_WARN_INT_CONVERSION = YES;
				CLANG_WARN_NON_LITERAL_NULL_CONVERSION = YES;
				CLANG_WARN_OBJC_IMPLICIT_RETAIN_SELF = YES;
				CLANG_WARN_OBJC_LITERAL_CONVERSION = YES;
				CLANG_WARN_OBJC_ROOT_CLASS = YES_ERROR;
				CLANG_WARN_QUOTED_INCLUDE_IN_FRAMEWORK_HEADER = YES;
				CLANG_WARN_RANGE_LOOP_ANALYSIS = YES;
				CLANG_WARN_STRICT_PROTOTYPES = YES;
				CLANG_WARN_SUSPICIOUS_MOVE = YES;
				CLANG_WARN_UNGUARDED_AVAILABILITY = YES_AGGRESSIVE;
				CLANG_WARN_UNREACHABLE_CODE = YES;
				CLANG_WARN__DUPLICATE_METHOD_MATCH = YES;
				COPY_PHASE_STRIP = NO;
				DEBUG_INFORMATION_FORMAT = dwarf;
				ENABLE_STRICT_OBJC_MSGSEND = YES;
				ENABLE_TESTABILITY = YES;
				ENABLE_USER_SCRIPT_SANDBOXING = YES;
				GCC_C_LANGUAGE_STANDARD = gnu17;
				GCC_DYNAMIC_NO_PIC = NO;
				GCC_NO_COMMON_BLOCKS = YES;
				GCC_OPTIMIZATION_LEVEL = 0;
				GCC_PREPROCESSOR_DEFINITIONS = (
					"DEBUG=1",
					"$(inherited)",
				);
				GCC_WARN_64_TO_32_BIT_CONVERSION = YES;
				GCC_WARN_ABOUT_RETURN_TYPE = YES_ERROR;
				GCC_WARN_UNDECLARED_SELECTOR = YES;
				GCC_WARN_UNINITIALIZED_AUTOS = YES_AGGRESSIVE;
				GCC_WARN_UNUSED_FUNCTION = YES;
				GCC_WARN_UNUSED_VARIABLE = YES;
				IPHONEOS_DEPLOYMENT_TARGET = 17.4;
				LOCALIZATION_PREFERS_STRING_CATALOGS = YES;
				MTL_ENABLE_DEBUG_INFO = INCLUDE_SOURCE;
				MTL_FAST_MATH = YES;
				ONLY_ACTIVE_ARCH = YES;
				SDKROOT = iphoneos;
				SWIFT_ACTIVE_COMPILATION_CONDITIONS = "DEBUG $(inherited)";
				SWIFT_OPTIMIZATION_LEVEL = "-Onone";
			};
			name = "Debug Development";
		};
		FA72F54F2BDC18DD00A7C1AD /* Release Development */ = {
			isa = XCBuildConfiguration;
			baseConfigurationReference = FAB98AFD2BF0FE1F000EC60E /* Development.xcconfig */;
			buildSettings = {
				ALWAYS_SEARCH_USER_PATHS = NO;
				ASSETCATALOG_COMPILER_GENERATE_SWIFT_ASSET_SYMBOL_EXTENSIONS = YES;
				CLANG_ANALYZER_NONNULL = YES;
				CLANG_ANALYZER_NUMBER_OBJECT_CONVERSION = YES_AGGRESSIVE;
				CLANG_CXX_LANGUAGE_STANDARD = "gnu++20";
				CLANG_ENABLE_MODULES = YES;
				CLANG_ENABLE_OBJC_ARC = YES;
				CLANG_ENABLE_OBJC_WEAK = YES;
				CLANG_WARN_BLOCK_CAPTURE_AUTORELEASING = YES;
				CLANG_WARN_BOOL_CONVERSION = YES;
				CLANG_WARN_COMMA = YES;
				CLANG_WARN_CONSTANT_CONVERSION = YES;
				CLANG_WARN_DEPRECATED_OBJC_IMPLEMENTATIONS = YES;
				CLANG_WARN_DIRECT_OBJC_ISA_USAGE = YES_ERROR;
				CLANG_WARN_DOCUMENTATION_COMMENTS = YES;
				CLANG_WARN_EMPTY_BODY = YES;
				CLANG_WARN_ENUM_CONVERSION = YES;
				CLANG_WARN_INFINITE_RECURSION = YES;
				CLANG_WARN_INT_CONVERSION = YES;
				CLANG_WARN_NON_LITERAL_NULL_CONVERSION = YES;
				CLANG_WARN_OBJC_IMPLICIT_RETAIN_SELF = YES;
				CLANG_WARN_OBJC_LITERAL_CONVERSION = YES;
				CLANG_WARN_OBJC_ROOT_CLASS = YES_ERROR;
				CLANG_WARN_QUOTED_INCLUDE_IN_FRAMEWORK_HEADER = YES;
				CLANG_WARN_RANGE_LOOP_ANALYSIS = YES;
				CLANG_WARN_STRICT_PROTOTYPES = YES;
				CLANG_WARN_SUSPICIOUS_MOVE = YES;
				CLANG_WARN_UNGUARDED_AVAILABILITY = YES_AGGRESSIVE;
				CLANG_WARN_UNREACHABLE_CODE = YES;
				CLANG_WARN__DUPLICATE_METHOD_MATCH = YES;
				COPY_PHASE_STRIP = NO;
				DEBUG_INFORMATION_FORMAT = "dwarf-with-dsym";
				ENABLE_NS_ASSERTIONS = NO;
				ENABLE_STRICT_OBJC_MSGSEND = YES;
				ENABLE_TESTABILITY = YES;
				ENABLE_USER_SCRIPT_SANDBOXING = YES;
				GCC_C_LANGUAGE_STANDARD = gnu17;
				GCC_NO_COMMON_BLOCKS = YES;
				GCC_WARN_64_TO_32_BIT_CONVERSION = YES;
				GCC_WARN_ABOUT_RETURN_TYPE = YES_ERROR;
				GCC_WARN_UNDECLARED_SELECTOR = YES;
				GCC_WARN_UNINITIALIZED_AUTOS = YES_AGGRESSIVE;
				GCC_WARN_UNUSED_FUNCTION = YES;
				GCC_WARN_UNUSED_VARIABLE = YES;
				IPHONEOS_DEPLOYMENT_TARGET = 17.4;
				LOCALIZATION_PREFERS_STRING_CATALOGS = YES;
				MTL_ENABLE_DEBUG_INFO = NO;
				MTL_FAST_MATH = YES;
				ONLY_ACTIVE_ARCH = YES;
				SDKROOT = iphoneos;
				SWIFT_COMPILATION_MODE = wholemodule;
				VALIDATE_PRODUCT = YES;
			};
			name = "Release Development";
		};
		FA72F5512BDC18DD00A7C1AD /* Debug Development */ = {
			isa = XCBuildConfiguration;
			buildSettings = {
				ASSETCATALOG_COMPILER_APPICON_NAME = AppIcon;
				ASSETCATALOG_COMPILER_GLOBAL_ACCENT_COLOR_NAME = AccentColor;
				CODE_SIGN_STYLE = Automatic;
				CURRENT_PROJECT_VERSION = 1;
				DEVELOPMENT_ASSET_PATHS = "\"Course App/Preview Content\"";
				DEVELOPMENT_TEAM = 57FHRQVBLR;
				ENABLE_PREVIEWS = YES;
				GENERATE_INFOPLIST_FILE = YES;
				INFOPLIST_FILE = "Course-App-Info.plist";
				INFOPLIST_KEY_UIApplicationSceneManifest_Generation = YES;
				INFOPLIST_KEY_UIApplicationSupportsIndirectInputEvents = YES;
				INFOPLIST_KEY_UILaunchScreen_Generation = YES;
				INFOPLIST_KEY_UISupportedInterfaceOrientations_iPhone = "UIInterfaceOrientationPortrait UIInterfaceOrientationLandscapeLeft UIInterfaceOrientationLandscapeRight";
				LD_RUNPATH_SEARCH_PATHS = (
					"$(inherited)",
					"@executable_path/Frameworks",
				);
				MARKETING_VERSION = 1.0;
				PRODUCT_BUNDLE_IDENTIFIER = "$(APP_BUNDLE_IDENTIFIER)";
				PRODUCT_NAME = "$(APP_BUNDLE_NAME)";
				SWIFT_EMIT_LOC_STRINGS = YES;
				SWIFT_VERSION = 5.0;
				TARGETED_DEVICE_FAMILY = "1,2";
			};
			name = "Debug Development";
		};
		FA72F5522BDC18DD00A7C1AD /* Release Development */ = {
			isa = XCBuildConfiguration;
			buildSettings = {
				ASSETCATALOG_COMPILER_APPICON_NAME = AppIcon;
				ASSETCATALOG_COMPILER_GLOBAL_ACCENT_COLOR_NAME = AccentColor;
				CODE_SIGN_STYLE = Automatic;
				CURRENT_PROJECT_VERSION = 1;
				DEVELOPMENT_ASSET_PATHS = "\"Course App/Preview Content\"";
				DEVELOPMENT_TEAM = 57FHRQVBLR;
				ENABLE_PREVIEWS = YES;
				GENERATE_INFOPLIST_FILE = YES;
				INFOPLIST_FILE = "Course-App-Info.plist";
				INFOPLIST_KEY_UIApplicationSceneManifest_Generation = YES;
				INFOPLIST_KEY_UIApplicationSupportsIndirectInputEvents = YES;
				INFOPLIST_KEY_UILaunchScreen_Generation = YES;
				INFOPLIST_KEY_UISupportedInterfaceOrientations_iPhone = "UIInterfaceOrientationPortrait UIInterfaceOrientationLandscapeLeft UIInterfaceOrientationLandscapeRight";
				LD_RUNPATH_SEARCH_PATHS = (
					"$(inherited)",
					"@executable_path/Frameworks",
				);
				MARKETING_VERSION = 1.0;
				PRODUCT_BUNDLE_IDENTIFIER = "$(APP_BUNDLE_IDENTIFIER)";
				PRODUCT_NAME = "$(APP_BUNDLE_NAME)";
				SWIFT_EMIT_LOC_STRINGS = YES;
				SWIFT_VERSION = 5.0;
				TARGETED_DEVICE_FAMILY = "1,2";
			};
			name = "Release Development";
		};
		FAB98AFF2BF1075A000EC60E /* Debug Production */ = {
			isa = XCBuildConfiguration;
			baseConfigurationReference = FAB98AFE2BF104BB000EC60E /* Production.xcconfig */;
			buildSettings = {
				ALWAYS_SEARCH_USER_PATHS = NO;
				ASSETCATALOG_COMPILER_GENERATE_SWIFT_ASSET_SYMBOL_EXTENSIONS = YES;
				CLANG_ANALYZER_NONNULL = YES;
				CLANG_ANALYZER_NUMBER_OBJECT_CONVERSION = YES_AGGRESSIVE;
				CLANG_CXX_LANGUAGE_STANDARD = "gnu++20";
				CLANG_ENABLE_MODULES = YES;
				CLANG_ENABLE_OBJC_ARC = YES;
				CLANG_ENABLE_OBJC_WEAK = YES;
				CLANG_WARN_BLOCK_CAPTURE_AUTORELEASING = YES;
				CLANG_WARN_BOOL_CONVERSION = YES;
				CLANG_WARN_COMMA = YES;
				CLANG_WARN_CONSTANT_CONVERSION = YES;
				CLANG_WARN_DEPRECATED_OBJC_IMPLEMENTATIONS = YES;
				CLANG_WARN_DIRECT_OBJC_ISA_USAGE = YES_ERROR;
				CLANG_WARN_DOCUMENTATION_COMMENTS = YES;
				CLANG_WARN_EMPTY_BODY = YES;
				CLANG_WARN_ENUM_CONVERSION = YES;
				CLANG_WARN_INFINITE_RECURSION = YES;
				CLANG_WARN_INT_CONVERSION = YES;
				CLANG_WARN_NON_LITERAL_NULL_CONVERSION = YES;
				CLANG_WARN_OBJC_IMPLICIT_RETAIN_SELF = YES;
				CLANG_WARN_OBJC_LITERAL_CONVERSION = YES;
				CLANG_WARN_OBJC_ROOT_CLASS = YES_ERROR;
				CLANG_WARN_QUOTED_INCLUDE_IN_FRAMEWORK_HEADER = YES;
				CLANG_WARN_RANGE_LOOP_ANALYSIS = YES;
				CLANG_WARN_STRICT_PROTOTYPES = YES;
				CLANG_WARN_SUSPICIOUS_MOVE = YES;
				CLANG_WARN_UNGUARDED_AVAILABILITY = YES_AGGRESSIVE;
				CLANG_WARN_UNREACHABLE_CODE = YES;
				CLANG_WARN__DUPLICATE_METHOD_MATCH = YES;
				COPY_PHASE_STRIP = NO;
				DEBUG_INFORMATION_FORMAT = dwarf;
				ENABLE_STRICT_OBJC_MSGSEND = YES;
				ENABLE_TESTABILITY = YES;
				ENABLE_USER_SCRIPT_SANDBOXING = YES;
				GCC_C_LANGUAGE_STANDARD = gnu17;
				GCC_DYNAMIC_NO_PIC = NO;
				GCC_NO_COMMON_BLOCKS = YES;
				GCC_OPTIMIZATION_LEVEL = 0;
				GCC_PREPROCESSOR_DEFINITIONS = (
					"DEBUG=1",
					"$(inherited)",
				);
				GCC_WARN_64_TO_32_BIT_CONVERSION = YES;
				GCC_WARN_ABOUT_RETURN_TYPE = YES_ERROR;
				GCC_WARN_UNDECLARED_SELECTOR = YES;
				GCC_WARN_UNINITIALIZED_AUTOS = YES_AGGRESSIVE;
				GCC_WARN_UNUSED_FUNCTION = YES;
				GCC_WARN_UNUSED_VARIABLE = YES;
				IPHONEOS_DEPLOYMENT_TARGET = 17.4;
				LOCALIZATION_PREFERS_STRING_CATALOGS = YES;
				MTL_ENABLE_DEBUG_INFO = INCLUDE_SOURCE;
				MTL_FAST_MATH = YES;
				ONLY_ACTIVE_ARCH = YES;
				SDKROOT = iphoneos;
				SWIFT_ACTIVE_COMPILATION_CONDITIONS = "DEBUG $(inherited)";
				SWIFT_OPTIMIZATION_LEVEL = "-Onone";
			};
			name = "Debug Production";
		};
		FAB98B002BF1075A000EC60E /* Debug Production */ = {
			isa = XCBuildConfiguration;
			buildSettings = {
				ASSETCATALOG_COMPILER_APPICON_NAME = AppIcon;
				ASSETCATALOG_COMPILER_GLOBAL_ACCENT_COLOR_NAME = AccentColor;
				CODE_SIGN_STYLE = Automatic;
				CURRENT_PROJECT_VERSION = 1;
				DEVELOPMENT_ASSET_PATHS = "\"Course App/Preview Content\"";
				DEVELOPMENT_TEAM = 57FHRQVBLR;
				ENABLE_PREVIEWS = YES;
				GENERATE_INFOPLIST_FILE = YES;
				INFOPLIST_FILE = "Course-App-Info.plist";
				INFOPLIST_KEY_UIApplicationSceneManifest_Generation = YES;
				INFOPLIST_KEY_UIApplicationSupportsIndirectInputEvents = YES;
				INFOPLIST_KEY_UILaunchScreen_Generation = YES;
				INFOPLIST_KEY_UISupportedInterfaceOrientations_iPhone = "UIInterfaceOrientationPortrait UIInterfaceOrientationLandscapeLeft UIInterfaceOrientationLandscapeRight";
				LD_RUNPATH_SEARCH_PATHS = (
					"$(inherited)",
					"@executable_path/Frameworks",
				);
				MARKETING_VERSION = 1.0;
				PRODUCT_BUNDLE_IDENTIFIER = "$(APP_BUNDLE_IDENTIFIER)";
				PRODUCT_NAME = "$(APP_BUNDLE_NAME)";
				SWIFT_EMIT_LOC_STRINGS = YES;
				SWIFT_VERSION = 5.0;
				TARGETED_DEVICE_FAMILY = "1,2";
			};
			name = "Debug Production";
		};
		FAB98B012BF1076C000EC60E /* Release Production */ = {
			isa = XCBuildConfiguration;
			baseConfigurationReference = FAB98AFE2BF104BB000EC60E /* Production.xcconfig */;
			buildSettings = {
				ALWAYS_SEARCH_USER_PATHS = NO;
				ASSETCATALOG_COMPILER_GENERATE_SWIFT_ASSET_SYMBOL_EXTENSIONS = YES;
				CLANG_ANALYZER_NONNULL = YES;
				CLANG_ANALYZER_NUMBER_OBJECT_CONVERSION = YES_AGGRESSIVE;
				CLANG_CXX_LANGUAGE_STANDARD = "gnu++20";
				CLANG_ENABLE_MODULES = YES;
				CLANG_ENABLE_OBJC_ARC = YES;
				CLANG_ENABLE_OBJC_WEAK = YES;
				CLANG_WARN_BLOCK_CAPTURE_AUTORELEASING = YES;
				CLANG_WARN_BOOL_CONVERSION = YES;
				CLANG_WARN_COMMA = YES;
				CLANG_WARN_CONSTANT_CONVERSION = YES;
				CLANG_WARN_DEPRECATED_OBJC_IMPLEMENTATIONS = YES;
				CLANG_WARN_DIRECT_OBJC_ISA_USAGE = YES_ERROR;
				CLANG_WARN_DOCUMENTATION_COMMENTS = YES;
				CLANG_WARN_EMPTY_BODY = YES;
				CLANG_WARN_ENUM_CONVERSION = YES;
				CLANG_WARN_INFINITE_RECURSION = YES;
				CLANG_WARN_INT_CONVERSION = YES;
				CLANG_WARN_NON_LITERAL_NULL_CONVERSION = YES;
				CLANG_WARN_OBJC_IMPLICIT_RETAIN_SELF = YES;
				CLANG_WARN_OBJC_LITERAL_CONVERSION = YES;
				CLANG_WARN_OBJC_ROOT_CLASS = YES_ERROR;
				CLANG_WARN_QUOTED_INCLUDE_IN_FRAMEWORK_HEADER = YES;
				CLANG_WARN_RANGE_LOOP_ANALYSIS = YES;
				CLANG_WARN_STRICT_PROTOTYPES = YES;
				CLANG_WARN_SUSPICIOUS_MOVE = YES;
				CLANG_WARN_UNGUARDED_AVAILABILITY = YES_AGGRESSIVE;
				CLANG_WARN_UNREACHABLE_CODE = YES;
				CLANG_WARN__DUPLICATE_METHOD_MATCH = YES;
				COPY_PHASE_STRIP = NO;
				DEBUG_INFORMATION_FORMAT = "dwarf-with-dsym";
				ENABLE_NS_ASSERTIONS = NO;
				ENABLE_STRICT_OBJC_MSGSEND = YES;
				ENABLE_USER_SCRIPT_SANDBOXING = YES;
				GCC_C_LANGUAGE_STANDARD = gnu17;
				GCC_NO_COMMON_BLOCKS = YES;
				GCC_WARN_64_TO_32_BIT_CONVERSION = YES;
				GCC_WARN_ABOUT_RETURN_TYPE = YES_ERROR;
				GCC_WARN_UNDECLARED_SELECTOR = YES;
				GCC_WARN_UNINITIALIZED_AUTOS = YES_AGGRESSIVE;
				GCC_WARN_UNUSED_FUNCTION = YES;
				GCC_WARN_UNUSED_VARIABLE = YES;
				IPHONEOS_DEPLOYMENT_TARGET = 17.4;
				LOCALIZATION_PREFERS_STRING_CATALOGS = YES;
				MTL_ENABLE_DEBUG_INFO = NO;
				MTL_FAST_MATH = YES;
				SDKROOT = iphoneos;
				SWIFT_COMPILATION_MODE = wholemodule;
				VALIDATE_PRODUCT = YES;
			};
			name = "Release Production";
		};
		FAB98B022BF1076C000EC60E /* Release Production */ = {
			isa = XCBuildConfiguration;
			buildSettings = {
				ASSETCATALOG_COMPILER_APPICON_NAME = AppIcon;
				ASSETCATALOG_COMPILER_GLOBAL_ACCENT_COLOR_NAME = AccentColor;
				CODE_SIGN_STYLE = Automatic;
				CURRENT_PROJECT_VERSION = 1;
				DEVELOPMENT_ASSET_PATHS = "\"Course App/Preview Content\"";
				DEVELOPMENT_TEAM = 57FHRQVBLR;
				ENABLE_PREVIEWS = YES;
				GENERATE_INFOPLIST_FILE = YES;
				INFOPLIST_FILE = "Course-App-Info.plist";
				INFOPLIST_KEY_UIApplicationSceneManifest_Generation = YES;
				INFOPLIST_KEY_UIApplicationSupportsIndirectInputEvents = YES;
				INFOPLIST_KEY_UILaunchScreen_Generation = YES;
				INFOPLIST_KEY_UISupportedInterfaceOrientations_iPhone = "UIInterfaceOrientationPortrait UIInterfaceOrientationLandscapeLeft UIInterfaceOrientationLandscapeRight";
				LD_RUNPATH_SEARCH_PATHS = (
					"$(inherited)",
					"@executable_path/Frameworks",
				);
				MARKETING_VERSION = 1.0;
				PRODUCT_BUNDLE_IDENTIFIER = "$(APP_BUNDLE_IDENTIFIER)";
				PRODUCT_NAME = "$(APP_BUNDLE_NAME)";
				SWIFT_EMIT_LOC_STRINGS = YES;
				SWIFT_VERSION = 5.0;
				TARGETED_DEVICE_FAMILY = "1,2";
			};
			name = "Release Production";
		};
/* End XCBuildConfiguration section */

/* Begin XCConfigurationList section */
		FA72F53D2BDC18DB00A7C1AD /* Build configuration list for PBXProject "Course App" */ = {
			isa = XCConfigurationList;
			buildConfigurations = (
				FA72F54E2BDC18DD00A7C1AD /* Debug Development */,
				FAB98AFF2BF1075A000EC60E /* Debug Production */,
				FA72F54F2BDC18DD00A7C1AD /* Release Development */,
				FAB98B012BF1076C000EC60E /* Release Production */,
			);
			defaultConfigurationIsVisible = 0;
			defaultConfigurationName = "Release Development";
		};
		FA72F5502BDC18DD00A7C1AD /* Build configuration list for PBXNativeTarget "Course App" */ = {
			isa = XCConfigurationList;
			buildConfigurations = (
				FA72F5512BDC18DD00A7C1AD /* Debug Development */,
				FAB98B002BF1075A000EC60E /* Debug Production */,
				FA72F5522BDC18DD00A7C1AD /* Release Development */,
				FAB98B022BF1076C000EC60E /* Release Production */,
			);
			defaultConfigurationIsVisible = 0;
			defaultConfigurationName = "Release Development";
		};
/* End XCConfigurationList section */

/* Begin XCRemoteSwiftPackageReference section */
		FAB98B032BF12C20000EC60E /* XCRemoteSwiftPackageReference "SwiftLint" */ = {
			isa = XCRemoteSwiftPackageReference;
			repositoryURL = "https://github.com/realm/SwiftLint.git";
			requirement = {
				kind = upToNextMajorVersion;
				minimumVersion = 0.55.0;
			};
		};
		FAE205512BF1EA7C00D1FB4F /* XCRemoteSwiftPackageReference "firebase-ios-sdk" */ = {
			isa = XCRemoteSwiftPackageReference;
			repositoryURL = "https://github.com/firebase/firebase-ios-sdk";
			requirement = {
				kind = upToNextMajorVersion;
				minimumVersion = 10.25.0;
			};
		};
/* End XCRemoteSwiftPackageReference section */

/* Begin XCSwiftPackageProductDependency section */
		FA8EFFA62C08F98C004F5CA6 /* SwiftLintBuildToolPlugin */ = {
			isa = XCSwiftPackageProductDependency;
			package = FAB98B032BF12C20000EC60E /* XCRemoteSwiftPackageReference "SwiftLint" */;
			productName = "plugin:SwiftLintBuildToolPlugin";
		};
		FAE205522BF1EA7D00D1FB4F /* FirebaseAuth */ = {
			isa = XCSwiftPackageProductDependency;
			package = FAE205512BF1EA7C00D1FB4F /* XCRemoteSwiftPackageReference "firebase-ios-sdk" */;
			productName = FirebaseAuth;
		};
		FAE205542BF1EA7D00D1FB4F /* FirebaseFirestore */ = {
			isa = XCSwiftPackageProductDependency;
			package = FAE205512BF1EA7C00D1FB4F /* XCRemoteSwiftPackageReference "firebase-ios-sdk" */;
			productName = FirebaseFirestore;
		};
		FAE205562BF1EA7D00D1FB4F /* FirebaseFirestoreCombine-Community */ = {
			isa = XCSwiftPackageProductDependency;
			package = FAE205512BF1EA7C00D1FB4F /* XCRemoteSwiftPackageReference "firebase-ios-sdk" */;
			productName = "FirebaseFirestoreCombine-Community";
		};
		FAE205582BF1EA7D00D1FB4F /* FirebaseFirestoreSwift */ = {
			isa = XCSwiftPackageProductDependency;
			package = FAE205512BF1EA7C00D1FB4F /* XCRemoteSwiftPackageReference "firebase-ios-sdk" */;
			productName = FirebaseFirestoreSwift;
		};
/* End XCSwiftPackageProductDependency section */
	};
	rootObject = FA72F53A2BDC18DB00A7C1AD /* Project object */;
}
